
Microsoft Visual Studio Solution File, Format Version 10.00
# Visual C++ Express 2008
Project("{8BC9CEB8-8B4A-11D0-8D11-00A0C91BC942}") = "zlib", "..\..\libs\zlib123\projects\visualc6\zlib.vcproj", "{A9C7D2DA-1538-41F3-ABC7-652B7C3F5366}"
EndProject
Project("{8BC9CEB8-8B4A-11D0-8D11-00A0C91BC942}") = "libpng", "..\..\libs\lpng1235\projects\visualc71\libpng.vcproj", "{F76C973F-DAB2-47EA-9725-D3D7DA495DD4}"
	ProjectSection(ProjectDependencies) = postProject
		{A9C7D2DA-1538-41F3-ABC7-652B7C3F5366} = {A9C7D2DA-1538-41F3-ABC7-652B7C3F5366}
	EndProjectSection
EndProject
Project("{8BC9CEB8-8B4A-11D0-8D11-00A0C91BC942}") = "libWifiPad", "..\..\libWifiPad\libWifiPad.vcproj", "{69BBB2A7-8786-4EB5-BCBB-6B7ACA513D22}"
	ProjectSection(ProjectDependencies) = postProject
		{F76C973F-DAB2-47EA-9725-D3D7DA495DD4} = {F76C973F-DAB2-47EA-9725-D3D7DA495DD4}
	EndProjectSection
EndProject
Project("{8BC9CEB8-8B4A-11D0-8D11-00A0C91BC942}") = "WifiPadServer", "WifiPadServer.vcproj", "{D2EFC139-CC06-49A9-97C2-ACB2C3D14742}"
	ProjectSection(ProjectDependencies) = postProject
		{69BBB2A7-8786-4EB5-BCBB-6B7ACA513D22} = {69BBB2A7-8786-4EB5-BCBB-6B7ACA513D22}
	EndProjectSection
EndProject
Global
	GlobalSection(SolutionConfigurationPlatforms) = preSolution
		Debug|Win32 = Debug|Win32
		DLL ASM Debug|Win32 = DLL ASM Debug|Win32
		DLL ASM Release|Win32 = DLL ASM Release|Win32
		DLL Debug|Win32 = DLL Debug|Win32
		DLL Release|Win32 = DLL Release|Win32
		DLL VB|Win32 = DLL VB|Win32
		LIB ASM Debug|Win32 = LIB ASM Debug|Win32
		LIB ASM Release|Win32 = LIB ASM Release|Win32
		LIB Debug|Win32 = LIB Debug|Win32
		LIB Release|Win32 = LIB Release|Win32
		Release|Win32 = Release|Win32
	EndGlobalSection
	GlobalSection(ProjectConfigurationPlatforms) = postSolution
		{A9C7D2DA-1538-41F3-ABC7-652B7C3F5366}.Debug|Win32.ActiveCfg = LIB Debug|Win32
		{A9C7D2DA-1538-41F3-ABC7-652B7C3F5366}.Debug|Win32.Build.0 = LIB Debug|Win32
		{A9C7D2DA-1538-41F3-ABC7-652B7C3F5366}.DLL ASM Debug|Win32.ActiveCfg = DLL ASM Debug|Win32
		{A9C7D2DA-1538-41F3-ABC7-652B7C3F5366}.DLL ASM Debug|Win32.Build.0 = DLL ASM Debug|Win32
		{A9C7D2DA-1538-41F3-ABC7-652B7C3F5366}.DLL ASM Release|Win32.ActiveCfg = DLL ASM Release|Win32
		{A9C7D2DA-1538-41F3-ABC7-652B7C3F5366}.DLL ASM Release|Win32.Build.0 = DLL ASM Release|Win32
		{A9C7D2DA-1538-41F3-ABC7-652B7C3F5366}.DLL Debug|Win32.ActiveCfg = DLL Debug|Win32
		{A9C7D2DA-1538-41F3-ABC7-652B7C3F5366}.DLL Debug|Win32.Build.0 = DLL Debug|Win32
		{A9C7D2DA-1538-41F3-ABC7-652B7C3F5366}.DLL Release|Win32.ActiveCfg = DLL Release|Win32
		{A9C7D2DA-1538-41F3-ABC7-652B7C3F5366}.DLL Release|Win32.Build.0 = DLL Release|Win32
		{A9C7D2DA-1538-41F3-ABC7-652B7C3F5366}.DLL VB|Win32.ActiveCfg = DLL Debug|Win32
		{A9C7D2DA-1538-41F3-ABC7-652B7C3F5366}.DLL VB|Win32.Build.0 = DLL Debug|Win32
		{A9C7D2DA-1538-41F3-ABC7-652B7C3F5366}.LIB ASM Debug|Win32.ActiveCfg = LIB ASM Debug|Win32
		{A9C7D2DA-1538-41F3-ABC7-652B7C3F5366}.LIB ASM Debug|Win32.Build.0 = LIB ASM Debug|Win32
		{A9C7D2DA-1538-41F3-ABC7-652B7C3F5366}.LIB ASM Release|Win32.ActiveCfg = LIB ASM Release|Win32
		{A9C7D2DA-1538-41F3-ABC7-652B7C3F5366}.LIB ASM Release|Win32.Build.0 = LIB ASM Release|Win32
		{A9C7D2DA-1538-41F3-ABC7-652B7C3F5366}.LIB Debug|Win32.ActiveCfg = LIB Debug|Win32
		{A9C7D2DA-1538-41F3-ABC7-652B7C3F5366}.LIB Debug|Win32.Build.0 = LIB Debug|Win32
		{A9C7D2DA-1538-41F3-ABC7-652B7C3F5366}.LIB Release|Win32.ActiveCfg = LIB Release|Win32
		{A9C7D2DA-1538-41F3-ABC7-652B7C3F5366}.LIB Release|Win32.Build.0 = LIB Release|Win32
		{A9C7D2DA-1538-41F3-ABC7-652B7C3F5366}.Release|Win32.ActiveCfg = LIB Release|Win32
		{A9C7D2DA-1538-41F3-ABC7-652B7C3F5366}.Release|Win32.Build.0 = LIB Release|Win32
		{F76C973F-DAB2-47EA-9725-D3D7DA495DD4}.Debug|Win32.ActiveCfg = LIB ASM Debug|Win32
		{F76C973F-DAB2-47EA-9725-D3D7DA495DD4}.Debug|Win32.Build.0 = LIB ASM Debug|Win32
		{F76C973F-DAB2-47EA-9725-D3D7DA495DD4}.DLL ASM Debug|Win32.ActiveCfg = DLL ASM Debug|Win32
		{F76C973F-DAB2-47EA-9725-D3D7DA495DD4}.DLL ASM Debug|Win32.Build.0 = DLL ASM Debug|Win32
		{F76C973F-DAB2-47EA-9725-D3D7DA495DD4}.DLL ASM Release|Win32.ActiveCfg = DLL ASM Release|Win32
		{F76C973F-DAB2-47EA-9725-D3D7DA495DD4}.DLL ASM Release|Win32.Build.0 = DLL ASM Release|Win32
		{F76C973F-DAB2-47EA-9725-D3D7DA495DD4}.DLL Debug|Win32.ActiveCfg = DLL Debug|Win32
		{F76C973F-DAB2-47EA-9725-D3D7DA495DD4}.DLL Debug|Win32.Build.0 = DLL Debug|Win32
		{F76C973F-DAB2-47EA-9725-D3D7DA495DD4}.DLL Release|Win32.ActiveCfg = DLL Release|Win32
		{F76C973F-DAB2-47EA-9725-D3D7DA495DD4}.DLL Release|Win32.Build.0 = DLL Release|Win32
		{F76C973F-DAB2-47EA-9725-D3D7DA495DD4}.DLL VB|Win32.ActiveCfg = DLL VB|Win32
		{F76C973F-DAB2-47EA-9725-D3D7DA495DD4}.DLL VB|Win32.Build.0 = DLL VB|Win32
		{F76C973F-DAB2-47EA-9725-D3D7DA495DD4}.LIB ASM Debug|Win32.ActiveCfg = LIB ASM Debug|Win32
		{F76C973F-DAB2-47EA-9725-D3D7DA495DD4}.LIB ASM Debug|Win32.Build.0 = LIB ASM Debug|Win32
		{F76C973F-DAB2-47EA-9725-D3D7DA495DD4}.LIB ASM Release|Win32.ActiveCfg = LIB ASM Release|Win32
		{F76C973F-DAB2-47EA-9725-D3D7DA495DD4}.LIB ASM Release|Win32.Build.0 = LIB ASM Release|Win32
		{F76C973F-DAB2-47EA-9725-D3D7DA495DD4}.LIB Debug|Win32.ActiveCfg = LIB Debug|Win32
		{F76C973F-DAB2-47EA-9725-D3D7DA495DD4}.LIB Debug|Win32.Build.0 = LIB Debug|Win32
		{F76C973F-DAB2-47EA-9725-D3D7DA495DD4}.LIB Release|Win32.ActiveCfg = LIB Release|Win32
		{F76C973F-DAB2-47EA-9725-D3D7DA495DD4}.LIB Release|Win32.Build.0 = LIB Release|Win32
		{F76C973F-DAB2-47EA-9725-D3D7DA495DD4}.Release|Win32.ActiveCfg = LIB ASM Release|Win32
		{F76C973F-DAB2-47EA-9725-D3D7DA495DD4}.Release|Win32.Build.0 = LIB ASM Release|Win32
		{69BBB2A7-8786-4EB5-BCBB-6B7ACA513D22}.Debug|Win32.ActiveCfg = Debug|Win32
		{69BBB2A7-8786-4EB5-BCBB-6B7ACA513D22}.Debug|Win32.Build.0 = Debug|Win32
		{69BBB2A7-8786-4EB5-BCBB-6B7ACA513D22}.DLL ASM Debug|Win32.ActiveCfg = Debug|Win32
		{69BBB2A7-8786-4EB5-BCBB-6B7ACA513D22}.DLL ASM Debug|Win32.Build.0 = Debug|Win32
		{69BBB2A7-8786-4EB5-BCBB-6B7ACA513D22}.DLL ASM Release|Win32.ActiveCfg = Release|Win32
		{69BBB2A7-8786-4EB5-BCBB-6B7ACA513D22}.DLL ASM Release|Win32.Build.0 = Release|Win32
		{69BBB2A7-8786-4EB5-BCBB-6B7ACA513D22}.DLL Debug|Win32.ActiveCfg = Debug|Win32
		{69BBB2A7-8786-4EB5-BCBB-6B7ACA513D22}.DLL Debug|Win32.Build.0 = Debug|Win32
		{69BBB2A7-8786-4EB5-BCBB-6B7ACA513D22}.DLL Release|Win32.ActiveCfg = Release|Win32
		{69BBB2A7-8786-4EB5-BCBB-6B7ACA513D22}.DLL Release|Win32.Build.0 = Release|Win32
		{69BBB2A7-8786-4EB5-BCBB-6B7ACA513D22}.DLL VB|Win32.ActiveCfg = Debug|Win32
		{69BBB2A7-8786-4EB5-BCBB-6B7ACA513D22}.DLL VB|Win32.Build.0 = Debug|Win32
		{69BBB2A7-8786-4EB5-BCBB-6B7ACA513D22}.LIB ASM Debug|Win32.ActiveCfg = Debug|Win32
		{69BBB2A7-8786-4EB5-BCBB-6B7ACA513D22}.LIB ASM Debug|Win32.Build.0 = Debug|Win32
		{69BBB2A7-8786-4EB5-BCBB-6B7ACA513D22}.LIB ASM Release|Win32.ActiveCfg = Release|Win32
		{69BBB2A7-8786-4EB5-BCBB-6B7ACA513D22}.LIB ASM Release|Win32.Build.0 = Release|Win32
		{69BBB2A7-8786-4EB5-BCBB-6B7ACA513D22}.LIB Debug|Win32.ActiveCfg = Debug|Win32
		{69BBB2A7-8786-4EB5-BCBB-6B7ACA513D22}.LIB Debug|Win32.Build.0 = Debug|Win32
		{69BBB2A7-8786-4EB5-BCBB-6B7ACA513D22}.LIB Release|Win32.ActiveCfg = Release|Win32
		{69BBB2A7-8786-4EB5-BCBB-6B7ACA513D22}.LIB Release|Win32.Build.0 = Release|Win32
		{69BBB2A7-8786-4EB5-BCBB-6B7ACA513D22}.Release|Win32.ActiveCfg = Release|Win32
		{69BBB2A7-8786-4EB5-BCBB-6B7ACA513D22}.Release|Win32.Build.0 = Release|Win32
		{D2EFC139-CC06-49A9-97C2-ACB2C3D14742}.Debug|Win32.ActiveCfg = Debug|Win32
		{D2EFC139-CC06-49A9-97C2-ACB2C3D14742}.Debug|Win32.Build.0 = Debug|Win32
		{D2EFC139-CC06-49A9-97C2-ACB2C3D14742}.DLL ASM Debug|Win32.ActiveCfg = Debug|Win32
		{D2EFC139-CC06-49A9-97C2-ACB2C3D14742}.DLL ASM Debug|Win32.Build.0 = Debug|Win32
		{D2EFC139-CC06-49A9-97C2-ACB2C3D14742}.DLL ASM Release|Win32.ActiveCfg = Release|Win32
		{D2EFC139-CC06-49A9-97C2-ACB2C3D14742}.DLL ASM Release|Win32.Build.0 = Release|Win32
		{D2EFC139-CC06-49A9-97C2-ACB2C3D14742}.DLL Debug|Win32.ActiveCfg = Debug|Win32
		{D2EFC139-CC06-49A9-97C2-ACB2C3D14742}.DLL Debug|Win32.Build.0 = Debug|Win32
		{D2EFC139-CC06-49A9-97C2-ACB2C3D14742}.DLL Release|Win32.ActiveCfg = Release|Win32
		{D2EFC139-CC06-49A9-97C2-ACB2C3D14742}.DLL Release|Win32.Build.0 = Release|Win32
		{D2EFC139-CC06-49A9-97C2-ACB2C3D14742}.DLL VB|Win32.ActiveCfg = Debug|Win32
		{D2EFC139-CC06-49A9-97C2-ACB2C3D14742}.DLL VB|Win32.Build.0 = Debug|Win32
		{D2EFC139-CC06-49A9-97C2-ACB2C3D14742}.LIB ASM Debug|Win32.ActiveCfg = Debug|Win32
		{D2EFC139-CC06-49A9-97C2-ACB2C3D14742}.LIB ASM Debug|Win32.Build.0 = Debug|Win32
		{D2EFC139-CC06-49A9-97C2-ACB2C3D14742}.LIB ASM Release|Win32.ActiveCfg = Release|Win32
		{D2EFC139-CC06-49A9-97C2-ACB2C3D14742}.LIB ASM Release|Win32.Build.0 = Release|Win32
		{D2EFC139-CC06-49A9-97C2-ACB2C3D14742}.LIB Debug|Win32.ActiveCfg = Debug|Win32
		{D2EFC139-CC06-49A9-97C2-ACB2C3D14742}.LIB Debug|Win32.Build.0 = Debug|Win32
		{D2EFC139-CC06-49A9-97C2-ACB2C3D14742}.LIB Release|Win32.ActiveCfg = Release|Win32
		{D2EFC139-CC06-49A9-97C2-ACB2C3D14742}.LIB Release|Win32.Build.0 = Release|Win32
		{D2EFC139-CC06-49A9-97C2-ACB2C3D14742}.Release|Win32.ActiveCfg = Release|Win32
		{D2EFC139-CC06-49A9-97C2-ACB2C3D14742}.Release|Win32.Build.0 = Release|Win32
	EndGlobalSection
	GlobalSection(SolutionProperties) = preSolution
		HideSolutionNode = FALSE
	EndGlobalSection
EndGlobal
